
Microsoft Visual Studio Solution File, Format Version 12.00
# Visual Studio Version 17
VisualStudioVersion = 17.0.32014.148
MinimumVisualStudioVersion = 10.0.40219.1
Project("{FAE04EC0-301F-11D3-BF4B-00C04F79EFBC}") = "ConsoleApp2", "ConsoleApp2.csproj", "{86B1569E-42A6-4257-88F3-486AF87E04AF}"
EndProject
Global
	GlobalSection(SolutionConfigurationPlatforms) = preSolution
		Debug|Any CPU = Debug|Any CPU
		Release|Any CPU = Release|Any CPU
	EndGlobalSection
	GlobalSection(ProjectConfigurationPlatforms) = postSolution
		{86B1569E-42A6-4257-88F3-486AF87E04AF}.Debug|Any CPU.ActiveCfg = Debug|Any CPU
		{86B1569E-42A6-4257-88F3-486AF87E04AF}.Debug|Any CPU.Build.0 = Debug|Any CPU
		{86B1569E-42A6-4257-88F3-486AF87E04AF}.Release|Any CPU.ActiveCfg = Release|Any CPU
		{86B1569E-42A6-4257-88F3-486AF87E04AF}.Release|Any CPU.Build.0 = Release|Any CPU
	EndGlobalSection
	GlobalSection(SolutionProperties) = preSolution
		HideSolutionNode = FALSE
	EndGlobalSection
	GlobalSection(ExtensibilityGlobals) = postSolution
		SolutionGuid = {B76D13E2-E891-4DC0-979A-034DF273E57B}
	EndGlobalSection
EndGlobal
